
Microsoft Visual Studio Solution File, Format Version 12.00
# Visual Studio Version 17
VisualStudioVersion = 17.4.33213.308
MinimumVisualStudioVersion = 10.0.40219.1
Project("{FAE04EC0-301F-11D3-BF4B-00C04F79EFBC}") = "Pishi_Stiray", "Pishi_Stiray\Pishi_Stiray.csproj", "{80C5EA96-9EBE-431A-A51E-C000BFB310C2}"
EndProject
Global
	GlobalSection(SolutionConfigurationPlatforms) = preSolution
		Debug|Any CPU = Debug|Any CPU
		Release|Any CPU = Release|Any CPU
	EndGlobalSection
	GlobalSection(ProjectConfigurationPlatforms) = postSolution
		{80C5EA96-9EBE-431A-A51E-C000BFB310C2}.Debug|Any CPU.ActiveCfg = Debug|Any CPU
		{80C5EA96-9EBE-431A-A51E-C000BFB310C2}.Debug|Any CPU.Build.0 = Debug|Any CPU
		{80C5EA96-9EBE-431A-A51E-C000BFB310C2}.Release|Any CPU.ActiveCfg = Release|Any CPU
		{80C5EA96-9EBE-431A-A51E-C000BFB310C2}.Release|Any CPU.Build.0 = Release|Any CPU
	EndGlobalSection
	GlobalSection(SolutionProperties) = preSolution
		HideSolutionNode = FALSE
	EndGlobalSection
	GlobalSection(ExtensibilityGlobals) = postSolution
		SolutionGuid = {CB8CBE30-A5E8-4A0F-A48A-183BD8919A3F}
	EndGlobalSection
EndGlobal
